
Microsoft Visual Studio Solution File, Format Version 12.00
# Visual Studio Version 17
VisualStudioVersion = 17.5.2.0
MinimumVisualStudioVersion = 10.0.40219.1
Project("{2150E333-8FDC-42A3-9474-1A3956D46DE8}") = "BusinessLogicLayer", "BusinessLogicLayer", "{D2D75D84-48C2-D0FB-44A0-4E06FB5FB3C1}"
EndProject
Project("{2150E333-8FDC-42A3-9474-1A3956D46DE8}") = "DataAccessLayer", "DataAccessLayer", "{511CC461-3A53-C7BA-C646-B6742671C5DC}"
EndProject
Project("{2150E333-8FDC-42A3-9474-1A3956D46DE8}") = "PresentationLayer", "PresentationLayer", "{E0895994-A76B-1675-1010-98D62BB4C04B}"
EndProject
Project("{FAE04EC0-301F-11D3-BF4B-00C04F79EFBC}") = "Resonance.Business", "BusinessLogicLayer\Resonance.Business.csproj", "{E7333056-52A2-FAB8-3864-A8DC0710B551}"
EndProject
Project("{FAE04EC0-301F-11D3-BF4B-00C04F79EFBC}") = "Resonance.Data", "DataAccessLayer\Resonance.Data.csproj", "{56546CDB-920B-85DE-C61C-53921F084BBB}"
EndProject
Project("{FAE04EC0-301F-11D3-BF4B-00C04F79EFBC}") = "Resonance.Presentation", "PresentationLayer\Resonance.Presentation.csproj", "{50D134E8-72ED-77A5-4641-E7FC9DD9381B}"
EndProject
Project("{2150E333-8FDC-42A3-9474-1A3956D46DE8}") = "tests", "tests", "{0AB3BF05-4346-4AA6-1389-037BE0695223}"
EndProject
Project("{FAE04EC0-301F-11D3-BF4B-00C04F79EFBC}") = "Resonance.Tests", "tests\Resonance.Tests\Resonance.Tests.csproj", "{37201DB8-F8E2-4F4D-A3F9-20A20529D19A}"
EndProject
Global
	GlobalSection(SolutionConfigurationPlatforms) = preSolution
		Debug|Any CPU = Debug|Any CPU
		Debug|x64 = Debug|x64
		Debug|x86 = Debug|x86
		Release|Any CPU = Release|Any CPU
		Release|x64 = Release|x64
		Release|x86 = Release|x86
	EndGlobalSection
	GlobalSection(ProjectConfigurationPlatforms) = postSolution
		{E7333056-52A2-FAB8-3864-A8DC0710B551}.Debug|Any CPU.ActiveCfg = Debug|Any CPU
		{E7333056-52A2-FAB8-3864-A8DC0710B551}.Debug|Any CPU.Build.0 = Debug|Any CPU
		{E7333056-52A2-FAB8-3864-A8DC0710B551}.Debug|x64.ActiveCfg = Debug|Any CPU
		{E7333056-52A2-FAB8-3864-A8DC0710B551}.Debug|x64.Build.0 = Debug|Any CPU
		{E7333056-52A2-FAB8-3864-A8DC0710B551}.Debug|x86.ActiveCfg = Debug|Any CPU
		{E7333056-52A2-FAB8-3864-A8DC0710B551}.Debug|x86.Build.0 = Debug|Any CPU
		{E7333056-52A2-FAB8-3864-A8DC0710B551}.Release|Any CPU.ActiveCfg = Release|Any CPU
		{E7333056-52A2-FAB8-3864-A8DC0710B551}.Release|Any CPU.Build.0 = Release|Any CPU
		{E7333056-52A2-FAB8-3864-A8DC0710B551}.Release|x64.ActiveCfg = Release|Any CPU
		{E7333056-52A2-FAB8-3864-A8DC0710B551}.Release|x64.Build.0 = Release|Any CPU
		{E7333056-52A2-FAB8-3864-A8DC0710B551}.Release|x86.ActiveCfg = Release|Any CPU
		{E7333056-52A2-FAB8-3864-A8DC0710B551}.Release|x86.Build.0 = Release|Any CPU
		{56546CDB-920B-85DE-C61C-53921F084BBB}.Debug|Any CPU.ActiveCfg = Debug|Any CPU
		{56546CDB-920B-85DE-C61C-53921F084BBB}.Debug|Any CPU.Build.0 = Debug|Any CPU
		{56546CDB-920B-85DE-C61C-53921F084BBB}.Debug|x64.ActiveCfg = Debug|Any CPU
		{56546CDB-920B-85DE-C61C-53921F084BBB}.Debug|x64.Build.0 = Debug|Any CPU
		{56546CDB-920B-85DE-C61C-53921F084BBB}.Debug|x86.ActiveCfg = Debug|Any CPU
		{56546CDB-920B-85DE-C61C-53921F084BBB}.Debug|x86.Build.0 = Debug|Any CPU
		{56546CDB-920B-85DE-C61C-53921F084BBB}.Release|Any CPU.ActiveCfg = Release|Any CPU
		{56546CDB-920B-85DE-C61C-53921F084BBB}.Release|Any CPU.Build.0 = Release|Any CPU
		{56546CDB-920B-85DE-C61C-53921F084BBB}.Release|x64.ActiveCfg = Release|Any CPU
		{56546CDB-920B-85DE-C61C-53921F084BBB}.Release|x64.Build.0 = Release|Any CPU
		{56546CDB-920B-85DE-C61C-53921F084BBB}.Release|x86.ActiveCfg = Release|Any CPU
		{56546CDB-920B-85DE-C61C-53921F084BBB}.Release|x86.Build.0 = Release|Any CPU
		{50D134E8-72ED-77A5-4641-E7FC9DD9381B}.Debug|Any CPU.ActiveCfg = Debug|Any CPU
		{50D134E8-72ED-77A5-4641-E7FC9DD9381B}.Debug|Any CPU.Build.0 = Debug|Any CPU
		{50D134E8-72ED-77A5-4641-E7FC9DD9381B}.Debug|x64.ActiveCfg = Debug|Any CPU
		{50D134E8-72ED-77A5-4641-E7FC9DD9381B}.Debug|x64.Build.0 = Debug|Any CPU
		{50D134E8-72ED-77A5-4641-E7FC9DD9381B}.Debug|x86.ActiveCfg = Debug|Any CPU
		{50D134E8-72ED-77A5-4641-E7FC9DD9381B}.Debug|x86.Build.0 = Debug|Any CPU
		{50D134E8-72ED-77A5-4641-E7FC9DD9381B}.Release|Any CPU.ActiveCfg = Release|Any CPU
		{50D134E8-72ED-77A5-4641-E7FC9DD9381B}.Release|Any CPU.Build.0 = Release|Any CPU
		{50D134E8-72ED-77A5-4641-E7FC9DD9381B}.Release|x64.ActiveCfg = Release|Any CPU
		{50D134E8-72ED-77A5-4641-E7FC9DD9381B}.Release|x64.Build.0 = Release|Any CPU
		{50D134E8-72ED-77A5-4641-E7FC9DD9381B}.Release|x86.ActiveCfg = Release|Any CPU
		{50D134E8-72ED-77A5-4641-E7FC9DD9381B}.Release|x86.Build.0 = Release|Any CPU
		{37201DB8-F8E2-4F4D-A3F9-20A20529D19A}.Debug|Any CPU.ActiveCfg = Debug|Any CPU
		{37201DB8-F8E2-4F4D-A3F9-20A20529D19A}.Debug|Any CPU.Build.0 = Debug|Any CPU
		{37201DB8-F8E2-4F4D-A3F9-20A20529D19A}.Debug|x64.ActiveCfg = Debug|Any CPU
		{37201DB8-F8E2-4F4D-A3F9-20A20529D19A}.Debug|x64.Build.0 = Debug|Any CPU
		{37201DB8-F8E2-4F4D-A3F9-20A20529D19A}.Debug|x86.ActiveCfg = Debug|Any CPU
		{37201DB8-F8E2-4F4D-A3F9-20A20529D19A}.Debug|x86.Build.0 = Debug|Any CPU
		{37201DB8-F8E2-4F4D-A3F9-20A20529D19A}.Release|Any CPU.ActiveCfg = Release|Any CPU
		{37201DB8-F8E2-4F4D-A3F9-20A20529D19A}.Release|Any CPU.Build.0 = Release|Any CPU
		{37201DB8-F8E2-4F4D-A3F9-20A20529D19A}.Release|x64.ActiveCfg = Release|Any CPU
		{37201DB8-F8E2-4F4D-A3F9-20A20529D19A}.Release|x64.Build.0 = Release|Any CPU
		{37201DB8-F8E2-4F4D-A3F9-20A20529D19A}.Release|x86.ActiveCfg = Release|Any CPU
		{37201DB8-F8E2-4F4D-A3F9-20A20529D19A}.Release|x86.Build.0 = Release|Any CPU
	EndGlobalSection
	GlobalSection(SolutionProperties) = preSolution
		HideSolutionNode = FALSE
	EndGlobalSection
	GlobalSection(NestedProjects) = preSolution
		{E7333056-52A2-FAB8-3864-A8DC0710B551} = {D2D75D84-48C2-D0FB-44A0-4E06FB5FB3C1}
		{56546CDB-920B-85DE-C61C-53921F084BBB} = {511CC461-3A53-C7BA-C646-B6742671C5DC}
		{50D134E8-72ED-77A5-4641-E7FC9DD9381B} = {E0895994-A76B-1675-1010-98D62BB4C04B}
		{37201DB8-F8E2-4F4D-A3F9-20A20529D19A} = {0AB3BF05-4346-4AA6-1389-037BE0695223}
	EndGlobalSection
	GlobalSection(ExtensibilityGlobals) = postSolution
		SolutionGuid = {2460A076-52DF-47B3-A72C-9A23461BD016}
	EndGlobalSection
EndGlobal
